
Microsoft Visual Studio Solution File, Format Version 12.00
# Visual Studio Version 16
VisualStudioVersion = 16.0.28803.452
MinimumVisualStudioVersion = 10.0.40219.1
Project("{FAE04EC0-301F-11D3-BF4B-00C04F79EFBC}") = "ParcialUno", "ParcialUno\ParcialUno.csproj", "{4D11A52A-4A17-4990-8AA2-A78C04EC7531}"
EndProject
Project("{FAE04EC0-301F-11D3-BF4B-00C04F79EFBC}") = "ParcialUno.Tests", "ParcialUno.Tests\ParcialUno.Tests.csproj", "{3CEB911C-62AC-4244-ABF6-FB5CA1936987}"
EndProject
Project("{FAE04EC0-301F-11D3-BF4B-00C04F79EFBC}") = "Entidades", "Entidades\Entidades.csproj", "{B1034A81-5F0F-4C44-82A6-7A56A19D8E18}"
EndProject
Project("{FAE04EC0-301F-11D3-BF4B-00C04F79EFBC}") = "DAL", "DAL\DAL.csproj", "{59CC728E-4794-4829-8854-75C9A996DF09}"
EndProject
Global
	GlobalSection(SolutionConfigurationPlatforms) = preSolution
		Debug|Any CPU = Debug|Any CPU
		Release|Any CPU = Release|Any CPU
	EndGlobalSection
	GlobalSection(ProjectConfigurationPlatforms) = postSolution
		{4D11A52A-4A17-4990-8AA2-A78C04EC7531}.Debug|Any CPU.ActiveCfg = Debug|Any CPU
		{4D11A52A-4A17-4990-8AA2-A78C04EC7531}.Debug|Any CPU.Build.0 = Debug|Any CPU
		{4D11A52A-4A17-4990-8AA2-A78C04EC7531}.Release|Any CPU.ActiveCfg = Release|Any CPU
		{4D11A52A-4A17-4990-8AA2-A78C04EC7531}.Release|Any CPU.Build.0 = Release|Any CPU
		{3CEB911C-62AC-4244-ABF6-FB5CA1936987}.Debug|Any CPU.ActiveCfg = Debug|Any CPU
		{3CEB911C-62AC-4244-ABF6-FB5CA1936987}.Debug|Any CPU.Build.0 = Debug|Any CPU
		{3CEB911C-62AC-4244-ABF6-FB5CA1936987}.Release|Any CPU.ActiveCfg = Release|Any CPU
		{3CEB911C-62AC-4244-ABF6-FB5CA1936987}.Release|Any CPU.Build.0 = Release|Any CPU
		{B1034A81-5F0F-4C44-82A6-7A56A19D8E18}.Debug|Any CPU.ActiveCfg = Debug|Any CPU
		{B1034A81-5F0F-4C44-82A6-7A56A19D8E18}.Debug|Any CPU.Build.0 = Debug|Any CPU
		{B1034A81-5F0F-4C44-82A6-7A56A19D8E18}.Release|Any CPU.ActiveCfg = Release|Any CPU
		{B1034A81-5F0F-4C44-82A6-7A56A19D8E18}.Release|Any CPU.Build.0 = Release|Any CPU
		{59CC728E-4794-4829-8854-75C9A996DF09}.Debug|Any CPU.ActiveCfg = Debug|Any CPU
		{59CC728E-4794-4829-8854-75C9A996DF09}.Debug|Any CPU.Build.0 = Debug|Any CPU
		{59CC728E-4794-4829-8854-75C9A996DF09}.Release|Any CPU.ActiveCfg = Release|Any CPU
		{59CC728E-4794-4829-8854-75C9A996DF09}.Release|Any CPU.Build.0 = Release|Any CPU
	EndGlobalSection
	GlobalSection(SolutionProperties) = preSolution
		HideSolutionNode = FALSE
	EndGlobalSection
	GlobalSection(ExtensibilityGlobals) = postSolution
		SolutionGuid = {E46A815B-87E0-48BD-9713-2884EEB917E8}
	EndGlobalSection
EndGlobal
